{
  "name": "@andromeda/lya",
  "version": "0.0.19",
  "lockfileVersion": 1,
  "requires": true,
  "dependencies": {
    "acorn": {
      "version": "8.2.4",
      "resolved": "https://registry.npmjs.org/acorn/-/acorn-8.2.4.tgz",
      "integrity": "sha512-Ibt84YwBDDA890eDiDCEqcbwvHlBvzzDkU2cGBBDDI1QWT12jTiXIOn2CIw5KK4i6N5Z2HUxwYjzriDyqaqqZg=="
    },
    "astring": {
      "version": "1.7.4",
      "resolved": "https://registry.npmjs.org/astring/-/astring-1.7.4.tgz",
      "integrity": "sha512-WiVqDJV0AayUUH65FfUrbnBO4KD10854cyU49lK30+2n/lEkJDRqBKj/2fYGhZSD3uIt1H1VfW/pQtO07kR2Xg=="
    }
  }
}
